
Microsoft Visual Studio Solution File, Format Version 12.00
# Visual Studio Version 16
VisualStudioVersion = 16.0.30907.101
MinimumVisualStudioVersion = 10.0.40219.1
Project("{FAE04EC0-301F-11D3-BF4B-00C04F79EFBC}") = "RestaurantRater", "RestaurantRater\RestaurantRater.csproj", "{3B5CC53E-6EB0-4158-907B-5594525EB637}"
EndProject
Global
	GlobalSection(SolutionConfigurationPlatforms) = preSolution
		Debug|Any CPU = Debug|Any CPU
		Release|Any CPU = Release|Any CPU
	EndGlobalSection
	GlobalSection(ProjectConfigurationPlatforms) = postSolution
		{3B5CC53E-6EB0-4158-907B-5594525EB637}.Debug|Any CPU.ActiveCfg = Debug|Any CPU
		{3B5CC53E-6EB0-4158-907B-5594525EB637}.Debug|Any CPU.Build.0 = Debug|Any CPU
		{3B5CC53E-6EB0-4158-907B-5594525EB637}.Release|Any CPU.ActiveCfg = Release|Any CPU
		{3B5CC53E-6EB0-4158-907B-5594525EB637}.Release|Any CPU.Build.0 = Release|Any CPU
	EndGlobalSection
	GlobalSection(SolutionProperties) = preSolution
		HideSolutionNode = FALSE
	EndGlobalSection
	GlobalSection(ExtensibilityGlobals) = postSolution
		SolutionGuid = {D1415D98-0C45-4FA5-93D3-B9DBA6AD42D2}
	EndGlobalSection
EndGlobal
